// !$*UTF8*$!
{
	archiveVersion = 1;
	classes = {
	};
	objectVersion = 56;
	objects = {

/* Begin PBXBuildFile section */
		BAA1A9222B83C6F200CEE842 /* AppDelegate.m in Sources */ = {isa = PBXBuildFile; fileRef = BAA1A9212B83C6F200CEE842 /* AppDelegate.m */; };
		BAA1A9252B83C6F200CEE842 /* SceneDelegate.m in Sources */ = {isa = PBXBuildFile; fileRef = BAA1A9242B83C6F200CEE842 /* SceneDelegate.m */; };
		BAA1A9282B83C6F200CEE842 /* ViewController.m in Sources */ = {isa = PBXBuildFile; fileRef = BAA1A9272B83C6F200CEE842 /* ViewController.m */; };
		BAA1A92B2B83C6F200CEE842 /* Main.storyboard in Resources */ = {isa = PBXBuildFile; fileRef = BAA1A9292B83C6F200CEE842 /* Main.storyboard */; };
		BAA1A92D2B83C6F300CEE842 /* Assets.xcassets in Resources */ = {isa = PBXBuildFile; fileRef = BAA1A92C2B83C6F300CEE842 /* Assets.xcassets */; };
		BAA1A9302B83C6F300CEE842 /* LaunchScreen.storyboard in Resources */ = {isa = PBXBuildFile; fileRef = BAA1A92E2B83C6F300CEE842 /* LaunchScreen.storyboard */; };
		BAA1A9332B83C6F300CEE842 /* main.m in Sources */ = {isa = PBXBuildFile; fileRef = BAA1A9322B83C6F300CEE842 /* main.m */; };
		BAA1A93B2B83DCD000CEE842 /* customlm in Resources */ = {isa = PBXBuildFile; fileRef = BAA1A93A2B83DCD000CEE842 /* customlm */; };
/* End PBXBuildFile section */

/* Begin PBXFileReference section */
		BAA1A91D2B83C6F200CEE842 /* SpokenWordObjC.app */ = {isa = PBXFileReference; explicitFileType = wrapper.application; includeInIndex = 0; path = SpokenWordObjC.app; sourceTree = BUILT_PRODUCTS_DIR; };
		BAA1A9202B83C6F200CEE842 /* AppDelegate.h */ = {isa = PBXFileReference; lastKnownFileType = sourcecode.c.h; path = AppDelegate.h; sourceTree = "<group>"; };
		BAA1A9212B83C6F200CEE842 /* AppDelegate.m */ = {isa = PBXFileReference; lastKnownFileType = sourcecode.c.objc; path = AppDelegate.m; sourceTree = "<group>"; };
		BAA1A9232B83C6F200CEE842 /* SceneDelegate.h */ = {isa = PBXFileReference; lastKnownFileType = sourcecode.c.h; path = SceneDelegate.h; sourceTree = "<group>"; };
		BAA1A9242B83C6F200CEE842 /* SceneDelegate.m */ = {isa = PBXFileReference; lastKnownFileType = sourcecode.c.objc; path = SceneDelegate.m; sourceTree = "<group>"; };
		BAA1A9262B83C6F200CEE842 /* ViewController.h */ = {isa = PBXFileReference; lastKnownFileType = sourcecode.c.h; path = ViewController.h; sourceTree = "<group>"; };
		BAA1A9272B83C6F200CEE842 /* ViewController.m */ = {isa = PBXFileReference; lastKnownFileType = sourcecode.c.objc; path = ViewController.m; sourceTree = "<group>"; };
		BAA1A92A2B83C6F200CEE842 /* Base */ = {isa = PBXFileReference; lastKnownFileType = file.storyboard; name = Base; path = Base.lproj/Main.storyboard; sourceTree = "<group>"; };
		BAA1A92C2B83C6F300CEE842 /* Assets.xcassets */ = {isa = PBXFileReference; lastKnownFileType = folder.assetcatalog; path = Assets.xcassets; sourceTree = "<group>"; };
		BAA1A92F2B83C6F300CEE842 /* Base */ = {isa = PBXFileReference; lastKnownFileType = file.storyboard; name = Base; path = Base.lproj/LaunchScreen.storyboard; sourceTree = "<group>"; };
		BAA1A9312B83C6F300CEE842 /* Info.plist */ = {isa = PBXFileReference; lastKnownFileType = text.plist.xml; path = Info.plist; sourceTree = "<group>"; };
		BAA1A9322B83C6F300CEE842 /* main.m */ = {isa = PBXFileReference; lastKnownFileType = sourcecode.c.objc; path = main.m; sourceTree = "<group>"; };
		BAA1A93A2B83DCD000CEE842 /* customlm */ = {isa = PBXFileReference; lastKnownFileType = folder; path = customlm; sourceTree = "<group>"; };
		BAA1A93D2B83DFA000CEE842 /* License.txt */ = {isa = PBXFileReference; lastKnownFileType = text; path = License.txt; sourceTree = "<group>"; };
/* End PBXFileReference section */

/* Begin PBXFrameworksBuildPhase section */
		BAA1A91A2B83C6F200CEE842 /* Frameworks */ = {
			isa = PBXFrameworksBuildPhase;
			buildActionMask = 2147483647;
			files = (
			);
			runOnlyForDeploymentPostprocessing = 0;
		};
/* End PBXFrameworksBuildPhase section */

/* Begin PBXGroup section */
		BAA1A9142B83C6F200CEE842 = {
			isa = PBXGroup;
			children = (
				BAA1A91F2B83C6F200CEE842 /* SpokenWordObjC */,
				BAA1A91E2B83C6F200CEE842 /* Products */,
			);
			sourceTree = "<group>";
		};
		BAA1A91E2B83C6F200CEE842 /* Products */ = {
			isa = PBXGroup;
			children = (
				BAA1A91D2B83C6F200CEE842 /* SpokenWordObjC.app */,
			);
			name = Products;
			sourceTree = "<group>";
		};
		BAA1A91F2B83C6F200CEE842 /* SpokenWordObjC */ = {
			isa = PBXGroup;
			children = (
				BAA1A93A2B83DCD000CEE842 /* customlm */,
				BAA1A9202B83C6F200CEE842 /* AppDelegate.h */,
				BAA1A9212B83C6F200CEE842 /* AppDelegate.m */,
				BAA1A9232B83C6F200CEE842 /* SceneDelegate.h */,
				BAA1A9242B83C6F200CEE842 /* SceneDelegate.m */,
				BAA1A9262B83C6F200CEE842 /* ViewController.h */,
				BAA1A9272B83C6F200CEE842 /* ViewController.m */,
				BAA1A9292B83C6F200CEE842 /* Main.storyboard */,
				BAA1A9392B83C6FD00CEE842 /* Supporting Files */,
			);
			path = SpokenWordObjC;
			sourceTree = "<group>";
		};
		BAA1A9392B83C6FD00CEE842 /* Supporting Files */ = {
			isa = PBXGroup;
			children = (
				BAA1A92C2B83C6F300CEE842 /* Assets.xcassets */,
				BAA1A92E2B83C6F300CEE842 /* LaunchScreen.storyboard */,
				BAA1A9322B83C6F300CEE842 /* main.m */,
				BAA1A9312B83C6F300CEE842 /* Info.plist */,
				BAA1A93C2B83DF4100CEE842 /* License */,
			);
			name = "Supporting Files";
			sourceTree = "<group>";
		};
		BAA1A93C2B83DF4100CEE842 /* License */ = {
			isa = PBXGroup;
			children = (
				BAA1A93D2B83DFA000CEE842 /* License.txt */,
			);
			path = License;
			sourceTree = "<group>";
		};
/* End PBXGroup section */

/* Begin PBXNativeTarget section */
		BAA1A91C2B83C6F200CEE842 /* SpokenWordObjC */ = {
			isa = PBXNativeTarget;
			buildConfigurationList = BAA1A9362B83C6F300CEE842 /* Build configuration list for PBXNativeTarget "SpokenWordObjC" */;
			buildPhases = (
				BAA1A9192B83C6F200CEE842 /* Sources */,
				BAA1A91A2B83C6F200CEE842 /* Frameworks */,
				BAA1A91B2B83C6F200CEE842 /* Resources */,
			);
			buildRules = (
			);
			dependencies = (
			);
			name = SpokenWordObjC;
			productName = SpokenWordObjC;
			productReference = BAA1A91D2B83C6F200CEE842 /* SpokenWordObjC.app */;
			productType = "com.apple.product-type.application";
		};
/* End PBXNativeTarget section */

/* Begin PBXProject section */
		BAA1A9152B83C6F200CEE842 /* Project object */ = {
			isa = PBXProject;
			attributes = {
				BuildIndependentTargetsInParallel = 1;
				LastUpgradeCheck = 1520;
				ORGANIZATIONNAME = "App Tyrant Corp.";
				TargetAttributes = {
					BAA1A91C2B83C6F200CEE842 = {
						CreatedOnToolsVersion = 15.2;
					};
				};
			};
			buildConfigurationList = BAA1A9182B83C6F200CEE842 /* Build configuration list for PBXProject "SpokenWordObjC" */;
			compatibilityVersion = "Xcode 14.0";
			developmentRegion = en;
			hasScannedForEncodings = 0;
			knownRegions = (
				en,
				Base,
			);
			mainGroup = BAA1A9142B83C6F200CEE842;
			productRefGroup = BAA1A91E2B83C6F200CEE842 /* Products */;
			projectDirPath = "";
			projectRoot = "";
			targets = (
				BAA1A91C2B83C6F200CEE842 /* SpokenWordObjC */,
			);
		};
/* End PBXProject section */

/* Begin PBXResourcesBuildPhase section */
		BAA1A91B2B83C6F200CEE842 /* Resources */ = {
			isa = PBXResourcesBuildPhase;
			buildActionMask = 2147483647;
			files = (
				BAA1A93B2B83DCD000CEE842 /* customlm in Resources */,
				BAA1A9302B83C6F300CEE842 /* LaunchScreen.storyboard in Resources */,
				BAA1A92D2B83C6F300CEE842 /* Assets.xcassets in Resources */,
				BAA1A92B2B83C6F200CEE842 /* Main.storyboard in Resources */,
			);
			runOnlyForDeploymentPostprocessing = 0;
		};
/* End PBXResourcesBuildPhase section */

/* Begin PBXSourcesBuildPhase section */
		BAA1A9192B83C6F200CEE842 /* Sources */ = {
			isa = PBXSourcesBuildPhase;
			buildActionMask = 2147483647;
			files = (
				BAA1A9282B83C6F200CEE842 /* ViewController.m in Sources */,
				BAA1A9222B83C6F200CEE842 /* AppDelegate.m in Sources */,
				BAA1A9332B83C6F300CEE842 /* main.m in Sources */,
				BAA1A9252B83C6F200CEE842 /* SceneDelegate.m in Sources */,
			);
			runOnlyForDeploymentPostprocessing = 0;
		};
/* End PBXSourcesBuildPhase section */

/* Begin PBXVariantGroup section */
		BAA1A9292B83C6F200CEE842 /* Main.storyboard */ = {
			isa = PBXVariantGroup;
			children = (
				BAA1A92A2B83C6F200CEE842 /* Base */,
			);
			name = Main.storyboard;
			sourceTree = "<group>";
		};
		BAA1A92E2B83C6F300CEE842 /* LaunchScreen.storyboard */ = {
			isa = PBXVariantGroup;
			children = (
				BAA1A92F2B83C6F300CEE842 /* Base */,
			);
			name = LaunchScreen.storyboard;
			sourceTree = "<group>";
		};
/* End PBXVariantGroup section */

/* Begin XCBuildConfiguration section */
		BAA1A9342B83C6F300CEE842 /* Debug */ = {
			isa = XCBuildConfiguration;
			buildSettings = {
				ALWAYS_SEARCH_USER_PATHS = NO;
				ASSETCATALOG_COMPILER_GENERATE_SWIFT_ASSET_SYMBOL_EXTENSIONS = YES;
				CLANG_ANALYZER_NONNULL = YES;
				CLANG_ANALYZER_NUMBER_OBJECT_CONVERSION = YES_AGGRESSIVE;
				CLANG_CXX_LANGUAGE_STANDARD = "gnu++20";
				CLANG_ENABLE_MODULES = YES;
				CLANG_ENABLE_OBJC_ARC = YES;
				CLANG_ENABLE_OBJC_WEAK = YES;
				CLANG_WARN_BLOCK_CAPTURE_AUTORELEASING = YES;
				CLANG_WARN_BOOL_CONVERSION = YES;
				CLANG_WARN_COMMA = YES;
				CLANG_WARN_CONSTANT_CONVERSION = YES;
				CLANG_WARN_DEPRECATED_OBJC_IMPLEMENTATIONS = YES;
				CLANG_WARN_DIRECT_OBJC_ISA_USAGE = YES_ERROR;
				CLANG_WARN_DOCUMENTATION_COMMENTS = YES;
				CLANG_WARN_EMPTY_BODY = YES;
				CLANG_WARN_ENUM_CONVERSION = YES;
				CLANG_WARN_INFINITE_RECURSION = YES;
				CLANG_WARN_INT_CONVERSION = YES;
				CLANG_WARN_NON_LITERAL_NULL_CONVERSION = YES;
				CLANG_WARN_OBJC_IMPLICIT_RETAIN_SELF = YES;
				CLANG_WARN_OBJC_LITERAL_CONVERSION = YES;
				CLANG_WARN_OBJC_ROOT_CLASS = YES_ERROR;
				CLANG_WARN_QUOTED_INCLUDE_IN_FRAMEWORK_HEADER = YES;
				CLANG_WARN_RANGE_LOOP_ANALYSIS = YES;
				CLANG_WARN_STRICT_PROTOTYPES = YES;
				CLANG_WARN_SUSPICIOUS_MOVE = YES;
				CLANG_WARN_UNGUARDED_AVAILABILITY = YES_AGGRESSIVE;
				CLANG_WARN_UNREACHABLE_CODE = YES;
				CLANG_WARN__DUPLICATE_METHOD_MATCH = YES;
				COPY_PHASE_STRIP = NO;
				DEBUG_INFORMATION_FORMAT = dwarf;
				ENABLE_STRICT_OBJC_MSGSEND = YES;
				ENABLE_TESTABILITY = YES;
				ENABLE_USER_SCRIPT_SANDBOXING = YES;
				GCC_C_LANGUAGE_STANDARD = gnu17;
				GCC_DYNAMIC_NO_PIC = NO;
				GCC_NO_COMMON_BLOCKS = YES;
				GCC_OPTIMIZATION_LEVEL = 0;
				GCC_PREPROCESSOR_DEFINITIONS = (
					"DEBUG=1",
					"$(inherited)",
				);
				GCC_WARN_64_TO_32_BIT_CONVERSION = YES;
				GCC_WARN_ABOUT_RETURN_TYPE = YES_ERROR;
				GCC_WARN_UNDECLARED_SELECTOR = YES;
				GCC_WARN_UNINITIALIZED_AUTOS = YES_AGGRESSIVE;
				GCC_WARN_UNUSED_FUNCTION = YES;
				GCC_WARN_UNUSED_VARIABLE = YES;
				IPHONEOS_DEPLOYMENT_TARGET = 17.2;
				LOCALIZATION_PREFERS_STRING_CATALOGS = YES;
				MTL_ENABLE_DEBUG_INFO = INCLUDE_SOURCE;
				MTL_FAST_MATH = YES;
				ONLY_ACTIVE_ARCH = YES;
				SDKROOT = iphoneos;
			};
			name = Debug;
		};
		BAA1A9352B83C6F300CEE842 /* Release */ = {
			isa = XCBuildConfiguration;
			buildSettings = {
				ALWAYS_SEARCH_USER_PATHS = NO;
				ASSETCATALOG_COMPILER_GENERATE_SWIFT_ASSET_SYMBOL_EXTENSIONS = YES;
				CLANG_ANALYZER_NONNULL = YES;
				CLANG_ANALYZER_NUMBER_OBJECT_CONVERSION = YES_AGGRESSIVE;
				CLANG_CXX_LANGUAGE_STANDARD = "gnu++20";
				CLANG_ENABLE_MODULES = YES;
				CLANG_ENABLE_OBJC_ARC = YES;
				CLANG_ENABLE_OBJC_WEAK = YES;
				CLANG_WARN_BLOCK_CAPTURE_AUTORELEASING = YES;
				CLANG_WARN_BOOL_CONVERSION = YES;
				CLANG_WARN_COMMA = YES;
				CLANG_WARN_CONSTANT_CONVERSION = YES;
				CLANG_WARN_DEPRECATED_OBJC_IMPLEMENTATIONS = YES;
				CLANG_WARN_DIRECT_OBJC_ISA_USAGE = YES_ERROR;
				CLANG_WARN_DOCUMENTATION_COMMENTS = YES;
				CLANG_WARN_EMPTY_BODY = YES;
				CLANG_WARN_ENUM_CONVERSION = YES;
				CLANG_WARN_INFINITE_RECURSION = YES;
				CLANG_WARN_INT_CONVERSION = YES;
				CLANG_WARN_NON_LITERAL_NULL_CONVERSION = YES;
				CLANG_WARN_OBJC_IMPLICIT_RETAIN_SELF = YES;
				CLANG_WARN_OBJC_LITERAL_CONVERSION = YES;
				CLANG_WARN_OBJC_ROOT_CLASS = YES_ERROR;
				CLANG_WARN_QUOTED_INCLUDE_IN_FRAMEWORK_HEADER = YES;
				CLANG_WARN_RANGE_LOOP_ANALYSIS = YES;
				CLANG_WARN_STRICT_PROTOTYPES = YES;
				CLANG_WARN_SUSPICIOUS_MOVE = YES;
				CLANG_WARN_UNGUARDED_AVAILABILITY = YES_AGGRESSIVE;
				CLANG_WARN_UNREACHABLE_CODE = YES;
				CLANG_WARN__DUPLICATE_METHOD_MATCH = YES;
				COPY_PHASE_STRIP = NO;
				DEBUG_INFORMATION_FORMAT = "dwarf-with-dsym";
				ENABLE_NS_ASSERTIONS = NO;
				ENABLE_STRICT_OBJC_MSGSEND = YES;
				ENABLE_USER_SCRIPT_SANDBOXING = YES;
				GCC_C_LANGUAGE_STANDARD = gnu17;
				GCC_NO_COMMON_BLOCKS = YES;
				GCC_WARN_64_TO_32_BIT_CONVERSION = YES;
				GCC_WARN_ABOUT_RETURN_TYPE = YES_ERROR;
				GCC_WARN_UNDECLARED_SELECTOR = YES;
				GCC_WARN_UNINITIALIZED_AUTOS = YES_AGGRESSIVE;
				GCC_WARN_UNUSED_FUNCTION = YES;
				GCC_WARN_UNUSED_VARIABLE = YES;
				IPHONEOS_DEPLOYMENT_TARGET = 17.2;
				LOCALIZATION_PREFERS_STRING_CATALOGS = YES;
				MTL_ENABLE_DEBUG_INFO = NO;
				MTL_FAST_MATH = YES;
				SDKROOT = iphoneos;
				VALIDATE_PRODUCT = YES;
			};
			name = Release;
		};
		BAA1A9372B83C6F300CEE842 /* Debug */ = {
			isa = XCBuildConfiguration;
			buildSettings = {
				ASSETCATALOG_COMPILER_APPICON_NAME = AppIcon;
				ASSETCATALOG_COMPILER_GLOBAL_ACCENT_COLOR_NAME = AccentColor;
				CODE_SIGN_STYLE = Automatic;
				CURRENT_PROJECT_VERSION = 1;
				DEVELOPMENT_TEAM = 3E442S8V72;
				GENERATE_INFOPLIST_FILE = YES;
				INFOPLIST_FILE = SpokenWordObjC/Info.plist;
				INFOPLIST_KEY_UIApplicationSupportsIndirectInputEvents = YES;
				INFOPLIST_KEY_UILaunchStoryboardName = LaunchScreen;
				INFOPLIST_KEY_UIMainStoryboardFile = Main;
				INFOPLIST_KEY_UISupportedInterfaceOrientations_iPad = "UIInterfaceOrientationPortrait UIInterfaceOrientationPortraitUpsideDown UIInterfaceOrientationLandscapeLeft UIInterfaceOrientationLandscapeRight";
				INFOPLIST_KEY_UISupportedInterfaceOrientations_iPhone = "UIInterfaceOrientationPortrait UIInterfaceOrientationLandscapeLeft UIInterfaceOrientationLandscapeRight";
				LD_RUNPATH_SEARCH_PATHS = (
					"$(inherited)",
					"@executable_path/Frameworks",
				);
				MARKETING_VERSION = 1.0;
				PRODUCT_BUNDLE_IDENTIFIER = com.apptyrant.SpokenWordObjC;
				PRODUCT_NAME = "$(TARGET_NAME)";
				SWIFT_EMIT_LOC_STRINGS = YES;
				TARGETED_DEVICE_FAMILY = "1,2";
			};
			name = Debug;
		};
		BAA1A9382B83C6F300CEE842 /* Release */ = {
			isa = XCBuildConfiguration;
			buildSettings = {
				ASSETCATALOG_COMPILER_APPICON_NAME = AppIcon;
				ASSETCATALOG_COMPILER_GLOBAL_ACCENT_COLOR_NAME = AccentColor;
				CODE_SIGN_STYLE = Automatic;
				CURRENT_PROJECT_VERSION = 1;
				DEVELOPMENT_TEAM = 3E442S8V72;
				GENERATE_INFOPLIST_FILE = YES;
				INFOPLIST_FILE = SpokenWordObjC/Info.plist;
				INFOPLIST_KEY_UIApplicationSupportsIndirectInputEvents = YES;
				INFOPLIST_KEY_UILaunchStoryboardName = LaunchScreen;
				INFOPLIST_KEY_UIMainStoryboardFile = Main;
				INFOPLIST_KEY_UISupportedInterfaceOrientations_iPad = "UIInterfaceOrientationPortrait UIInterfaceOrientationPortraitUpsideDown UIInterfaceOrientationLandscapeLeft UIInterfaceOrientationLandscapeRight";
				INFOPLIST_KEY_UISupportedInterfaceOrientations_iPhone = "UIInterfaceOrientationPortrait UIInterfaceOrientationLandscapeLeft UIInterfaceOrientationLandscapeRight";
				LD_RUNPATH_SEARCH_PATHS = (
					"$(inherited)",
					"@executable_path/Frameworks",
				);
				MARKETING_VERSION = 1.0;
				PRODUCT_BUNDLE_IDENTIFIER = com.apptyrant.SpokenWordObjC;
				PRODUCT_NAME = "$(TARGET_NAME)";
				SWIFT_EMIT_LOC_STRINGS = YES;
				TARGETED_DEVICE_FAMILY = "1,2";
			};
			name = Release;
		};
/* End XCBuildConfiguration section */

/* Begin XCConfigurationList section */
		BAA1A9182B83C6F200CEE842 /* Build configuration list for PBXProject "SpokenWordObjC" */ = {
			isa = XCConfigurationList;
			buildConfigurations = (
				BAA1A9342B83C6F300CEE842 /* Debug */,
				BAA1A9352B83C6F300CEE842 /* Release */,
			);
			defaultConfigurationIsVisible = 0;
			defaultConfigurationName = Release;
		};
		BAA1A9362B83C6F300CEE842 /* Build configuration list for PBXNativeTarget "SpokenWordObjC" */ = {
			isa = XCConfigurationList;
			buildConfigurations = (
				BAA1A9372B83C6F300CEE842 /* Debug */,
				BAA1A9382B83C6F300CEE842 /* Release */,
			);
			defaultConfigurationIsVisible = 0;
			defaultConfigurationName = Release;
		};
/* End XCConfigurationList section */
	};
	rootObject = BAA1A9152B83C6F200CEE842 /* Project object */;
}
